
Microsoft Visual Studio Solution File, Format Version 12.00
Project("{FAE04EC0-301F-11D3-BF4B-00C04F79EFBC}") = "WebApplication-1", "WebApplication-1\WebApplication-1.csproj", "{585B25D9-44B3-48AF-85A9-A1F517C3441B}"
EndProject
Global
	GlobalSection(SolutionConfigurationPlatforms) = preSolution
		Debug|Any CPU = Debug|Any CPU
		Release|Any CPU = Release|Any CPU
	EndGlobalSection
	GlobalSection(ProjectConfigurationPlatforms) = postSolution
		{585B25D9-44B3-48AF-85A9-A1F517C3441B}.Debug|Any CPU.ActiveCfg = Debug|Any CPU
		{585B25D9-44B3-48AF-85A9-A1F517C3441B}.Debug|Any CPU.Build.0 = Debug|Any CPU
		{585B25D9-44B3-48AF-85A9-A1F517C3441B}.Release|Any CPU.ActiveCfg = Release|Any CPU
		{585B25D9-44B3-48AF-85A9-A1F517C3441B}.Release|Any CPU.Build.0 = Release|Any CPU
	EndGlobalSection
EndGlobal
